
Microsoft Visual Studio Solution File, Format Version 12.00
# Visual Studio Version 17
VisualStudioVersion = 17.7.34031.279
MinimumVisualStudioVersion = 10.0.40219.1
Project("{9A19103F-16F7-4668-BE54-9A1E7A4F7556}") = "UserCatalog", "UserCatalog\UserCatalog.csproj", "{66AE1A12-D743-4BCE-95EF-6D0D63EF19AF}"
EndProject
Project("{FAE04EC0-301F-11D3-BF4B-00C04F79EFBC}") = "UserCatalog.Data", "UserCatalog.Data\UserCatalog.Data.csproj", "{736ABF52-D1EC-49FB-8D63-F81A1B76891D}"
EndProject
Project("{FAE04EC0-301F-11D3-BF4B-00C04F79EFBC}") = "UserCatalog.Model", "UserCatalog.Model\UserCatalog.Model.csproj", "{BC591314-FF06-4A1F-8517-2B39A7D754FC}"
EndProject
Global
	GlobalSection(SolutionConfigurationPlatforms) = preSolution
		Debug|Any CPU = Debug|Any CPU
		Release|Any CPU = Release|Any CPU
	EndGlobalSection
	GlobalSection(ProjectConfigurationPlatforms) = postSolution
		{66AE1A12-D743-4BCE-95EF-6D0D63EF19AF}.Debug|Any CPU.ActiveCfg = Debug|Any CPU
		{66AE1A12-D743-4BCE-95EF-6D0D63EF19AF}.Debug|Any CPU.Build.0 = Debug|Any CPU
		{66AE1A12-D743-4BCE-95EF-6D0D63EF19AF}.Release|Any CPU.ActiveCfg = Release|Any CPU
		{66AE1A12-D743-4BCE-95EF-6D0D63EF19AF}.Release|Any CPU.Build.0 = Release|Any CPU
		{736ABF52-D1EC-49FB-8D63-F81A1B76891D}.Debug|Any CPU.ActiveCfg = Debug|Any CPU
		{736ABF52-D1EC-49FB-8D63-F81A1B76891D}.Debug|Any CPU.Build.0 = Debug|Any CPU
		{736ABF52-D1EC-49FB-8D63-F81A1B76891D}.Release|Any CPU.ActiveCfg = Release|Any CPU
		{736ABF52-D1EC-49FB-8D63-F81A1B76891D}.Release|Any CPU.Build.0 = Release|Any CPU
		{BC591314-FF06-4A1F-8517-2B39A7D754FC}.Debug|Any CPU.ActiveCfg = Debug|Any CPU
		{BC591314-FF06-4A1F-8517-2B39A7D754FC}.Debug|Any CPU.Build.0 = Debug|Any CPU
		{BC591314-FF06-4A1F-8517-2B39A7D754FC}.Release|Any CPU.ActiveCfg = Release|Any CPU
		{BC591314-FF06-4A1F-8517-2B39A7D754FC}.Release|Any CPU.Build.0 = Release|Any CPU
	EndGlobalSection
	GlobalSection(SolutionProperties) = preSolution
		HideSolutionNode = FALSE
	EndGlobalSection
	GlobalSection(ExtensibilityGlobals) = postSolution
		SolutionGuid = {81275646-8991-45A6-8664-ED43EE1059AC}
	EndGlobalSection
EndGlobal
